{
  "object": {
    "pins": [
      {
        "package": "Balam",
        "repositoryURL": "https://github.com/catverse/balam.git",
        "state": {
          "branch": "master",
          "revision": "7cf98ee9a47e55c79c2cd8fc5a081eb67c9fc041",
          "version": null
        }
      }
    ]
  },
  "version": 1
}
