{
  "object": {
    "pins": [
      {
        "package": "Balam",
        "repositoryURL": "https://github.com/catverse/balam.git",
        "state": {
          "branch": "master",
          "revision": "4e2749f5c1186d6ccf8c47b7a21050345b127113",
          "version": null
        }
      }
    ]
  },
  "version": 1
}
