{
  "object": {
    "pins": [
      {
        "package": "Balam",
        "repositoryURL": "https://github.com/catverse/balam.git",
        "state": {
          "branch": "master",
          "revision": "615ecaa1d4b47bfa6c4de707419a9802af32457e",
          "version": null
        }
      }
    ]
  },
  "version": 1
}
